
Microsoft Visual Studio Solution File, Format Version 12.00
# Visual Studio Version 16
VisualStudioVersion = 16.0.31410.357
MinimumVisualStudioVersion = 10.0.40219.1
Project("{FAE04EC0-301F-11D3-BF4B-00C04F79EFBC}") = "check", "check.csproj", "{A041BE7C-9C8C-445A-81D8-A22D905171A7}"
EndProject
Global
	GlobalSection(SolutionConfigurationPlatforms) = preSolution
		Debug|Any CPU = Debug|Any CPU
		Release|Any CPU = Release|Any CPU
	EndGlobalSection
	GlobalSection(ProjectConfigurationPlatforms) = postSolution
		{A041BE7C-9C8C-445A-81D8-A22D905171A7}.Debug|Any CPU.ActiveCfg = Debug|Any CPU
		{A041BE7C-9C8C-445A-81D8-A22D905171A7}.Debug|Any CPU.Build.0 = Debug|Any CPU
		{A041BE7C-9C8C-445A-81D8-A22D905171A7}.Release|Any CPU.ActiveCfg = Release|Any CPU
		{A041BE7C-9C8C-445A-81D8-A22D905171A7}.Release|Any CPU.Build.0 = Release|Any CPU
	EndGlobalSection
	GlobalSection(SolutionProperties) = preSolution
		HideSolutionNode = FALSE
	EndGlobalSection
	GlobalSection(ExtensibilityGlobals) = postSolution
		SolutionGuid = {1AF492A7-48A6-4180-AD03-152FE1870D21}
	EndGlobalSection
EndGlobal
